
Microsoft Visual Studio Solution File, Format Version 12.00
# Visual Studio Version 16
VisualStudioVersion = 16.0.30611.23
MinimumVisualStudioVersion = 10.0.40219.1
Project("{FAE04EC0-301F-11D3-BF4B-00C04F79EFBC}") = "jeux-chifumi", "jeux-chifumi.csproj", "{40636029-6251-4ED0-A7E0-FB3B8D60FC74}"
EndProject
Global
	GlobalSection(SolutionConfigurationPlatforms) = preSolution
		Debug|Any CPU = Debug|Any CPU
		Release|Any CPU = Release|Any CPU
	EndGlobalSection
	GlobalSection(ProjectConfigurationPlatforms) = postSolution
		{40636029-6251-4ED0-A7E0-FB3B8D60FC74}.Debug|Any CPU.ActiveCfg = Debug|Any CPU
		{40636029-6251-4ED0-A7E0-FB3B8D60FC74}.Debug|Any CPU.Build.0 = Debug|Any CPU
		{40636029-6251-4ED0-A7E0-FB3B8D60FC74}.Release|Any CPU.ActiveCfg = Release|Any CPU
		{40636029-6251-4ED0-A7E0-FB3B8D60FC74}.Release|Any CPU.Build.0 = Release|Any CPU
	EndGlobalSection
	GlobalSection(SolutionProperties) = preSolution
		HideSolutionNode = FALSE
	EndGlobalSection
	GlobalSection(ExtensibilityGlobals) = postSolution
		SolutionGuid = {7A2D6548-29FC-4C67-AA7F-D45DA5189D25}
	EndGlobalSection
EndGlobal
